
Microsoft Visual Studio Solution File, Format Version 12.00
# Visual Studio Version 16
VisualStudioVersion = 16.0.30503.244
MinimumVisualStudioVersion = 10.0.40219.1
Project("{FAE04EC0-301F-11D3-BF4B-00C04F79EFBC}") = "GuitarApp", "GuitarApp.csproj", "{822A3F81-72CE-4E41-81BC-100C0BC49E5E}"
EndProject
Global
	GlobalSection(SolutionConfigurationPlatforms) = preSolution
		Debug|Any CPU = Debug|Any CPU
		Release|Any CPU = Release|Any CPU
	EndGlobalSection
	GlobalSection(ProjectConfigurationPlatforms) = postSolution
		{822A3F81-72CE-4E41-81BC-100C0BC49E5E}.Debug|Any CPU.ActiveCfg = Debug|Any CPU
		{822A3F81-72CE-4E41-81BC-100C0BC49E5E}.Debug|Any CPU.Build.0 = Debug|Any CPU
		{822A3F81-72CE-4E41-81BC-100C0BC49E5E}.Release|Any CPU.ActiveCfg = Release|Any CPU
		{822A3F81-72CE-4E41-81BC-100C0BC49E5E}.Release|Any CPU.Build.0 = Release|Any CPU
	EndGlobalSection
	GlobalSection(SolutionProperties) = preSolution
		HideSolutionNode = FALSE
	EndGlobalSection
	GlobalSection(ExtensibilityGlobals) = postSolution
		SolutionGuid = {359D52D3-8D10-49E5-A261-185E81490375}
	EndGlobalSection
EndGlobal
